
Microsoft Visual Studio Solution File, Format Version 12.00
# Visual Studio 2012
Project("{FAE04EC0-301F-11D3-BF4B-00C04F79EFBC}") = "OctreeTest", "OctreeTest\OctreeTest.csproj", "{DE708A4D-4470-46FE-B017-9C905FD15F6E}"
EndProject
Project("{2150E333-8FDC-42A3-9474-1A3956D46DE8}") = ".nuget", ".nuget", "{E2B6DB8D-3E9E-46BC-8BD0-CC052706A2FB}"
	ProjectSection(SolutionItems) = preProject
		.nuget\packages.config = .nuget\packages.config
	EndProjectSection
EndProject
Global
	GlobalSection(SolutionConfigurationPlatforms) = preSolution
		Debug|Any CPU = Debug|Any CPU
		Release|Any CPU = Release|Any CPU
	EndGlobalSection
	GlobalSection(ProjectConfigurationPlatforms) = postSolution
		{DE708A4D-4470-46FE-B017-9C905FD15F6E}.Debug|Any CPU.ActiveCfg = Debug|Any CPU
		{DE708A4D-4470-46FE-B017-9C905FD15F6E}.Debug|Any CPU.Build.0 = Debug|Any CPU
		{DE708A4D-4470-46FE-B017-9C905FD15F6E}.Release|Any CPU.ActiveCfg = Release|Any CPU
		{DE708A4D-4470-46FE-B017-9C905FD15F6E}.Release|Any CPU.Build.0 = Release|Any CPU
	EndGlobalSection
	GlobalSection(SolutionProperties) = preSolution
		HideSolutionNode = FALSE
	EndGlobalSection
EndGlobal
